<?xml version="1.0" encoding="utf-8"?>
<Project ToolsVersion="4.0" xmlns="http://schemas.microsoft.com/developer/msbuild/2003">
  <ItemGroup>
    <Filter Include="소스 파일">
      <UniqueIdentifier>{4FC737F1-C7A5-4376-A066-2A32D752A2FF}</UniqueIdentifier>
      <Extensions>cpp;c;cc;cxx;c++;cppm;ixx;def;odl;idl;hpj;bat;asm;asmx</Extensions>
    </Filter>
    <Filter Include="헤더 파일">
      <UniqueIdentifier>{93995380-89BD-4b04-88EB-625FBE52EBFB}</UniqueIdentifier>
      <Extensions>h;hh;hpp;hxx;h++;hm;inl;inc;ipp;xsd</Extensions>
    </Filter>
    <Filter Include="리소스 파일">
      <UniqueIdentifier>{67DA6AB6-F800-4c08-8B7A-83BB121AAD01}</UniqueIdentifier>
      <Extensions>rc;ico;cur;bmp;dlg;rc2;rct;bin;rgs;gif;jpg;jpeg;jpe;resx;tiff;tif;png;wav;mfcribbon-ms</Extensions>
    </Filter>
    <Filter Include="헤더 파일\LogIOPacket">
      <UniqueIdentifier>{94111139-b68e-4f7e-b2d2-16ba66bd1832}</UniqueIdentifier>
    </Filter>
    <Filter Include="소스 파일\LogIOPacket">
      <UniqueIdentifier>{8d538674-722b-4bef-9172-98e57bf85dbe}</UniqueIdentifier>
    </Filter>
    <Filter Include="헤더 파일\ChatPacket">
      <UniqueIdentifier>{d33ba140-1513-44f8-99ee-2ea25caa8ea3}</UniqueIdentifier>
    </Filter>
    <Filter Include="소스 파일\ChatPacket">
      <UniqueIdentifier>{12e6f53c-2046-4a03-8c25-c426e88071e0}</UniqueIdentifier>
    </Filter>
  </ItemGroup>
  <ItemGroup>
    <ClInclude Include="Packet.h">
      <Filter>헤더 파일</Filter>
    </ClInclude>
    <ClInclude Include="StringPacket.h">
      <Filter>헤더 파일</Filter>
    </ClInclude>
    <ClInclude Include="ErrorPacket.h">
      <Filter>헤더 파일</Filter>
    </ClInclude>
    <ClInclude Include="BinaryWriter.h">
      <Filter>헤더 파일</Filter>
    </ClInclude>
    <ClInclude Include="BinaryReader.h">
      <Filter>헤더 파일</Filter>
    </ClInclude>
    <ClInclude Include="LoginFinalizeReqPacket.h">
      <Filter>헤더 파일\LogIOPacket</Filter>
    </ClInclude>
    <ClInclude Include="LoginModelSelectAckPacket.h">
      <Filter>헤더 파일\LogIOPacket</Filter>
    </ClInclude>
    <ClInclude Include="LoginModelSelectReqPacket.h">
      <Filter>헤더 파일\LogIOPacket</Filter>
    </ClInclude>
    <ClInclude Include="LoginNicknameAckPacket.h">
      <Filter>헤더 파일\LogIOPacket</Filter>
    </ClInclude>
    <ClInclude Include="LoginNicknameReqPacket.h">
      <Filter>헤더 파일\LogIOPacket</Filter>
    </ClInclude>
    <ClInclude Include="LoginPacket.h">
      <Filter>헤더 파일\LogIOPacket</Filter>
    </ClInclude>
    <ClInclude Include="LoginSuccessAckPacket.h">
      <Filter>헤더 파일\LogIOPacket</Filter>
    </ClInclude>
    <ClInclude Include="LogoutReqPacket.h">
      <Filter>헤더 파일\LogIOPacket</Filter>
    </ClInclude>
    <ClInclude Include="PacketDef.h">
      <Filter>헤더 파일</Filter>
    </ClInclude>
    <ClInclude Include="ChatPacket.h">
      <Filter>헤더 파일\ChatPacket</Filter>
    </ClInclude>
    <ClInclude Include="ChatChannelEnterReqPacket.h">
      <Filter>헤더 파일\ChatPacket</Filter>
    </ClInclude>
    <ClInclude Include="ChatChannelEnterAckPacket.h">
      <Filter>헤더 파일\ChatPacket</Filter>
    </ClInclude>
    <ClInclude Include="ChatChannelLeaveReqPacket.h">
      <Filter>헤더 파일</Filter>
    </ClInclude>
  </ItemGroup>
  <ItemGroup>
    <ClCompile Include="Packet.cpp">
      <Filter>소스 파일</Filter>
    </ClCompile>
    <ClCompile Include="StringPacket.cpp">
      <Filter>소스 파일</Filter>
    </ClCompile>
    <ClCompile Include="ErrorPacket.cpp">
      <Filter>소스 파일</Filter>
    </ClCompile>
    <ClCompile Include="BinaryWriter.cpp">
      <Filter>소스 파일</Filter>
    </ClCompile>
    <ClCompile Include="BinaryReader.cpp">
      <Filter>소스 파일</Filter>
    </ClCompile>
    <ClCompile Include="LoginFinalizeReqPacket.cpp">
      <Filter>소스 파일\LogIOPacket</Filter>
    </ClCompile>
    <ClCompile Include="LoginModelSelectAckPacket.cpp">
      <Filter>소스 파일\LogIOPacket</Filter>
    </ClCompile>
    <ClCompile Include="LoginModelSelectReqPacket.cpp">
      <Filter>소스 파일\LogIOPacket</Filter>
    </ClCompile>
    <ClCompile Include="LoginNicknameAckPacket.cpp">
      <Filter>소스 파일\LogIOPacket</Filter>
    </ClCompile>
    <ClCompile Include="LoginNicknameReqPacket.cpp">
      <Filter>소스 파일\LogIOPacket</Filter>
    </ClCompile>
    <ClCompile Include="LoginPacket.cpp">
      <Filter>소스 파일\LogIOPacket</Filter>
    </ClCompile>
    <ClCompile Include="LoginSuccessAckPacket.cpp">
      <Filter>소스 파일\LogIOPacket</Filter>
    </ClCompile>
    <ClCompile Include="LogoutReqPacket.cpp">
      <Filter>소스 파일\LogIOPacket</Filter>
    </ClCompile>
    <ClCompile Include="ChatPacket.cpp">
      <Filter>소스 파일\ChatPacket</Filter>
    </ClCompile>
    <ClCompile Include="ChatChannelEnterReqPacket.cpp">
      <Filter>소스 파일\ChatPacket</Filter>
    </ClCompile>
    <ClCompile Include="ChatChannelEnterAckPacket.cpp">
      <Filter>소스 파일\ChatPacket</Filter>
    </ClCompile>
    <ClCompile Include="ChatChannelLeaveReqPacket.cpp">
      <Filter>소스 파일</Filter>
    </ClCompile>
  </ItemGroup>
</Project>